
Microsoft Visual Studio Solution File, Format Version 12.00
# Visual Studio Version 16
VisualStudioVersion = 16.0.32901.82
MinimumVisualStudioVersion = 10.0.40219.1
Project("{FAE04EC0-301F-11D3-BF4B-00C04F79EFBC}") = "classintro", "classintro\classintro.csproj", "{A76EB5A2-DC1A-4CBF-A591-D3D60A082372}"
EndProject
Project("{FAE04EC0-301F-11D3-BF4B-00C04F79EFBC}") = "Metotlar", "Metotlar\Metotlar.csproj", "{1F1A821E-AFE4-4114-A2D6-8568681FAEF7}"
EndProject
Project("{FAE04EC0-301F-11D3-BF4B-00C04F79EFBC}") = "Matematik", "Matematik\Matematik.csproj", "{97DDD007-4F24-4609-B428-76AD10AE77BC}"
EndProject
Project("{FAE04EC0-301F-11D3-BF4B-00C04F79EFBC}") = "MetotlarDeneme", "MetotlarDeneme\MetotlarDeneme.csproj", "{D7C47F3B-B559-44A4-9D65-3B07FE25D7E8}"
EndProject
Project("{FAE04EC0-301F-11D3-BF4B-00C04F79EFBC}") = "degervereferanstipler", "degervereferanstipler\degervereferanstipler.csproj", "{3C662B46-4CA4-4973-ABC8-F87B97D7B1BE}"
EndProject
Global
	GlobalSection(SolutionConfigurationPlatforms) = preSolution
		Debug|Any CPU = Debug|Any CPU
		Release|Any CPU = Release|Any CPU
	EndGlobalSection
	GlobalSection(ProjectConfigurationPlatforms) = postSolution
		{A76EB5A2-DC1A-4CBF-A591-D3D60A082372}.Debug|Any CPU.ActiveCfg = Debug|Any CPU
		{A76EB5A2-DC1A-4CBF-A591-D3D60A082372}.Debug|Any CPU.Build.0 = Debug|Any CPU
		{A76EB5A2-DC1A-4CBF-A591-D3D60A082372}.Release|Any CPU.ActiveCfg = Release|Any CPU
		{A76EB5A2-DC1A-4CBF-A591-D3D60A082372}.Release|Any CPU.Build.0 = Release|Any CPU
		{1F1A821E-AFE4-4114-A2D6-8568681FAEF7}.Debug|Any CPU.ActiveCfg = Debug|Any CPU
		{1F1A821E-AFE4-4114-A2D6-8568681FAEF7}.Debug|Any CPU.Build.0 = Debug|Any CPU
		{1F1A821E-AFE4-4114-A2D6-8568681FAEF7}.Release|Any CPU.ActiveCfg = Release|Any CPU
		{1F1A821E-AFE4-4114-A2D6-8568681FAEF7}.Release|Any CPU.Build.0 = Release|Any CPU
		{97DDD007-4F24-4609-B428-76AD10AE77BC}.Debug|Any CPU.ActiveCfg = Debug|Any CPU
		{97DDD007-4F24-4609-B428-76AD10AE77BC}.Debug|Any CPU.Build.0 = Debug|Any CPU
		{97DDD007-4F24-4609-B428-76AD10AE77BC}.Release|Any CPU.ActiveCfg = Release|Any CPU
		{97DDD007-4F24-4609-B428-76AD10AE77BC}.Release|Any CPU.Build.0 = Release|Any CPU
		{D7C47F3B-B559-44A4-9D65-3B07FE25D7E8}.Debug|Any CPU.ActiveCfg = Debug|Any CPU
		{D7C47F3B-B559-44A4-9D65-3B07FE25D7E8}.Debug|Any CPU.Build.0 = Debug|Any CPU
		{D7C47F3B-B559-44A4-9D65-3B07FE25D7E8}.Release|Any CPU.ActiveCfg = Release|Any CPU
		{D7C47F3B-B559-44A4-9D65-3B07FE25D7E8}.Release|Any CPU.Build.0 = Release|Any CPU
		{3C662B46-4CA4-4973-ABC8-F87B97D7B1BE}.Debug|Any CPU.ActiveCfg = Debug|Any CPU
		{3C662B46-4CA4-4973-ABC8-F87B97D7B1BE}.Debug|Any CPU.Build.0 = Debug|Any CPU
		{3C662B46-4CA4-4973-ABC8-F87B97D7B1BE}.Release|Any CPU.ActiveCfg = Release|Any CPU
		{3C662B46-4CA4-4973-ABC8-F87B97D7B1BE}.Release|Any CPU.Build.0 = Release|Any CPU
	EndGlobalSection
	GlobalSection(SolutionProperties) = preSolution
		HideSolutionNode = FALSE
	EndGlobalSection
	GlobalSection(ExtensibilityGlobals) = postSolution
		SolutionGuid = {61028003-3FCD-456F-9D34-64E2A4604D0B}
	EndGlobalSection
EndGlobal
